PODS:
  - Flutter (1.0.0)
  - flutter_flappy_chain (0.0.1):
    - Flutter

DEPENDENCIES:
  - Flutter (from `Flutter`)
  - flutter_flappy_chain (from `.symlinks/plugins/flutter_flappy_chain/ios`)

EXTERNAL SOURCES:
  Flutter:
    :path: Flutter
  flutter_flappy_chain:
    :path: ".symlinks/plugins/flutter_flappy_chain/ios"

SPEC CHECKSUMS:
  Flutter: f04841e97a9d0b0a8025694d0796dd46242b2854
  flutter_flappy_chain: 19da2866c114cd339b0b9225d67ba4c99ce55b21

PODFILE CHECKSUM: 663715e941f9adb426e33bf9376914006f9ea95b

COCOAPODS: 1.14.2
